
Microsoft Visual Studio Solution File, Format Version 12.00
# Visual Studio Version 17
VisualStudioVersion = 17.8.34330.188
MinimumVisualStudioVersion = 10.0.40219.1
Project("{FAE04EC0-301F-11D3-BF4B-00C04F79EFBC}") = "BT44", "BT44\BT44.csproj", "{D6F88855-350A-43CF-96F1-AEE43492ACA3}"
EndProject
Global
	GlobalSection(SolutionConfigurationPlatforms) = preSolution
		Debug|Any CPU = Debug|Any CPU
		Release|Any CPU = Release|Any CPU
	EndGlobalSection
	GlobalSection(ProjectConfigurationPlatforms) = postSolution
		{D6F88855-350A-43CF-96F1-AEE43492ACA3}.Debug|Any CPU.ActiveCfg = Debug|Any CPU
		{D6F88855-350A-43CF-96F1-AEE43492ACA3}.Debug|Any CPU.Build.0 = Debug|Any CPU
		{D6F88855-350A-43CF-96F1-AEE43492ACA3}.Release|Any CPU.ActiveCfg = Release|Any CPU
		{D6F88855-350A-43CF-96F1-AEE43492ACA3}.Release|Any CPU.Build.0 = Release|Any CPU
	EndGlobalSection
	GlobalSection(SolutionProperties) = preSolution
		HideSolutionNode = FALSE
	EndGlobalSection
	GlobalSection(ExtensibilityGlobals) = postSolution
		SolutionGuid = {525D6D8A-7C72-4239-9D12-A872DD256132}
	EndGlobalSection
EndGlobal
